
Microsoft Visual Studio Solution File, Format Version 12.00
# Visual Studio Version 17
VisualStudioVersion = 17.7.34221.43
MinimumVisualStudioVersion = 10.0.40219.1
Project("{FAE04EC0-301F-11D3-BF4B-00C04F79EFBC}") = "ManageEmployees", "ManageEmployees.csproj", "{9F15F51C-499A-4272-BE1A-BB50817F95C0}"
EndProject
Global
	GlobalSection(SolutionConfigurationPlatforms) = preSolution
		Debug|Any CPU = Debug|Any CPU
		Release|Any CPU = Release|Any CPU
	EndGlobalSection
	GlobalSection(ProjectConfigurationPlatforms) = postSolution
		{9F15F51C-499A-4272-BE1A-BB50817F95C0}.Debug|Any CPU.ActiveCfg = Debug|Any CPU
		{9F15F51C-499A-4272-BE1A-BB50817F95C0}.Debug|Any CPU.Build.0 = Debug|Any CPU
		{9F15F51C-499A-4272-BE1A-BB50817F95C0}.Release|Any CPU.ActiveCfg = Release|Any CPU
		{9F15F51C-499A-4272-BE1A-BB50817F95C0}.Release|Any CPU.Build.0 = Release|Any CPU
	EndGlobalSection
	GlobalSection(SolutionProperties) = preSolution
		HideSolutionNode = FALSE
	EndGlobalSection
	GlobalSection(ExtensibilityGlobals) = postSolution
		SolutionGuid = {E459AF63-C4B6-4074-B98E-2F887981F6BD}
	EndGlobalSection
EndGlobal
