
Microsoft Visual Studio Solution File, Format Version 12.00
# Visual Studio Version 17
VisualStudioVersion = 17.7.34221.43
MinimumVisualStudioVersion = 10.0.40219.1
Project("{FAE04EC0-301F-11D3-BF4B-00C04F79EFBC}") = "Online Shopping System", "Online Shopping System.csproj", "{AE98A795-74A0-405A-AEFB-8ED65322B3CD}"
EndProject
Global
	GlobalSection(SolutionConfigurationPlatforms) = preSolution
		Debug|Any CPU = Debug|Any CPU
		Release|Any CPU = Release|Any CPU
	EndGlobalSection
	GlobalSection(ProjectConfigurationPlatforms) = postSolution
		{AE98A795-74A0-405A-AEFB-8ED65322B3CD}.Debug|Any CPU.ActiveCfg = Debug|Any CPU
		{AE98A795-74A0-405A-AEFB-8ED65322B3CD}.Debug|Any CPU.Build.0 = Debug|Any CPU
		{AE98A795-74A0-405A-AEFB-8ED65322B3CD}.Release|Any CPU.ActiveCfg = Release|Any CPU
		{AE98A795-74A0-405A-AEFB-8ED65322B3CD}.Release|Any CPU.Build.0 = Release|Any CPU
	EndGlobalSection
	GlobalSection(SolutionProperties) = preSolution
		HideSolutionNode = FALSE
	EndGlobalSection
	GlobalSection(ExtensibilityGlobals) = postSolution
		SolutionGuid = {E0D8D36B-8312-4D4A-B4F0-A668F8165DF4}
	EndGlobalSection
EndGlobal
