
Microsoft Visual Studio Solution File, Format Version 12.00
# Visual Studio Version 17
VisualStudioVersion = 17.7.34221.43
MinimumVisualStudioVersion = 10.0.40219.1
Project("{FAE04EC0-301F-11D3-BF4B-00C04F79EFBC}") = "MultiDimentional Arrays", "MultiDimentional Arrays.csproj", "{CCB51AF3-AC23-41DC-BAFE-4FDCE60FF13A}"
EndProject
Global
	GlobalSection(SolutionConfigurationPlatforms) = preSolution
		Debug|Any CPU = Debug|Any CPU
		Release|Any CPU = Release|Any CPU
	EndGlobalSection
	GlobalSection(ProjectConfigurationPlatforms) = postSolution
		{CCB51AF3-AC23-41DC-BAFE-4FDCE60FF13A}.Debug|Any CPU.ActiveCfg = Debug|Any CPU
		{CCB51AF3-AC23-41DC-BAFE-4FDCE60FF13A}.Debug|Any CPU.Build.0 = Debug|Any CPU
		{CCB51AF3-AC23-41DC-BAFE-4FDCE60FF13A}.Release|Any CPU.ActiveCfg = Release|Any CPU
		{CCB51AF3-AC23-41DC-BAFE-4FDCE60FF13A}.Release|Any CPU.Build.0 = Release|Any CPU
	EndGlobalSection
	GlobalSection(SolutionProperties) = preSolution
		HideSolutionNode = FALSE
	EndGlobalSection
	GlobalSection(ExtensibilityGlobals) = postSolution
		SolutionGuid = {234E9C88-D7D3-4465-9DDE-5847E6B74C57}
	EndGlobalSection
EndGlobal
